
Microsoft Visual Studio Solution File, Format Version 12.00
# Visual Studio Version 16
VisualStudioVersion = 16.0.32630.194
MinimumVisualStudioVersion = 10.0.40219.1
Project("{FAE04EC0-301F-11D3-BF4B-00C04F79EFBC}") = "Spaceship", "Spaceship.csproj", "{212E1DD1-1EC1-4C3A-B872-1BF1F65EEA4B}"
EndProject
Global
	GlobalSection(SolutionConfigurationPlatforms) = preSolution
		Debug|Any CPU = Debug|Any CPU
		Release|Any CPU = Release|Any CPU
	EndGlobalSection
	GlobalSection(ProjectConfigurationPlatforms) = postSolution
		{212E1DD1-1EC1-4C3A-B872-1BF1F65EEA4B}.Debug|Any CPU.ActiveCfg = Debug|Any CPU
		{212E1DD1-1EC1-4C3A-B872-1BF1F65EEA4B}.Debug|Any CPU.Build.0 = Debug|Any CPU
		{212E1DD1-1EC1-4C3A-B872-1BF1F65EEA4B}.Release|Any CPU.ActiveCfg = Release|Any CPU
		{212E1DD1-1EC1-4C3A-B872-1BF1F65EEA4B}.Release|Any CPU.Build.0 = Release|Any CPU
	EndGlobalSection
	GlobalSection(SolutionProperties) = preSolution
		HideSolutionNode = FALSE
	EndGlobalSection
	GlobalSection(ExtensibilityGlobals) = postSolution
		SolutionGuid = {597DFCAE-367D-433F-8A2B-F2AB34810D19}
	EndGlobalSection
EndGlobal
